// !$*UTF8*$!
{
	archiveVersion = 1;
	classes = {
	};
	objectVersion = 50;
	objects = {

/* Begin PBXBuildFile section */
		8510640524096D1700CD6B51 /* AppDelegate.swift in Sources */ = {isa = PBXBuildFile; fileRef = 8510640424096D1700CD6B51 /* AppDelegate.swift */; };
		8510640724096D1700CD6B51 /* SceneDelegate.swift in Sources */ = {isa = PBXBuildFile; fileRef = 8510640624096D1700CD6B51 /* SceneDelegate.swift */; };
		8510640E24096D1A00CD6B51 /* Assets.xcassets in Resources */ = {isa = PBXBuildFile; fileRef = 8510640D24096D1A00CD6B51 /* Assets.xcassets */; };
		8510641124096D1A00CD6B51 /* LaunchScreen.storyboard in Resources */ = {isa = PBXBuildFile; fileRef = 8510640F24096D1A00CD6B51 /* LaunchScreen.storyboard */; };
		8510641C24096D1A00CD6B51 /* TechnicalTestTests.swift in Sources */ = {isa = PBXBuildFile; fileRef = 8510641B24096D1A00CD6B51 /* TechnicalTestTests.swift */; };
		858A0ECA240AC8B0005922D8 /* ProductListViewController.swift in Sources */ = {isa = PBXBuildFile; fileRef = 858A0EC8240AC8B0005922D8 /* ProductListViewController.swift */; };
		858A0ECB240AC8B0005922D8 /* ProductListViewController.xib in Resources */ = {isa = PBXBuildFile; fileRef = 858A0EC9240AC8B0005922D8 /* ProductListViewController.xib */; };
		858A0ECD240AD40D005922D8 /* ProductListAdapter.swift in Sources */ = {isa = PBXBuildFile; fileRef = 858A0ECC240AD40D005922D8 /* ProductListAdapter.swift */; };
		858A0ED1240B523E005922D8 /* ProductListViewModel.swift in Sources */ = {isa = PBXBuildFile; fileRef = 858A0ED0240B523E005922D8 /* ProductListViewModel.swift */; };
		858ABE842409768F00CDD109 /* ProductListDataProvider.swift in Sources */ = {isa = PBXBuildFile; fileRef = 858ABE832409768F00CDD109 /* ProductListDataProvider.swift */; };
		858ABE862409769800CDD109 /* ProductListDataProviderImpl.swift in Sources */ = {isa = PBXBuildFile; fileRef = 858ABE852409769800CDD109 /* ProductListDataProviderImpl.swift */; };
		858ABE88240976D400CDD109 /* ProductListRouter.swift in Sources */ = {isa = PBXBuildFile; fileRef = 858ABE87240976D400CDD109 /* ProductListRouter.swift */; };
		858ABE8A240976DD00CDD109 /* ProductListRouterImpl.swift in Sources */ = {isa = PBXBuildFile; fileRef = 858ABE89240976DD00CDD109 /* ProductListRouterImpl.swift */; };
		858ABE8C2409770300CDD109 /* ProductListInteractor.swift in Sources */ = {isa = PBXBuildFile; fileRef = 858ABE8B2409770300CDD109 /* ProductListInteractor.swift */; };
		858ABE8E2409771600CDD109 /* ProductListInteractorImpl.swift in Sources */ = {isa = PBXBuildFile; fileRef = 858ABE8D2409771600CDD109 /* ProductListInteractorImpl.swift */; };
		858ABE902409773B00CDD109 /* ProductListPresenter.swift in Sources */ = {isa = PBXBuildFile; fileRef = 858ABE8F2409773B00CDD109 /* ProductListPresenter.swift */; };
		858ABE922409774D00CDD109 /* ProductListPresenterImpl.swift in Sources */ = {isa = PBXBuildFile; fileRef = 858ABE912409774D00CDD109 /* ProductListPresenterImpl.swift */; };
		858ABE992409792900CDD109 /* Factory.swift in Sources */ = {isa = PBXBuildFile; fileRef = 858ABE982409792900CDD109 /* Factory.swift */; };
		858ABE9B240979B400CDD109 /* ProductListFactory.swift in Sources */ = {isa = PBXBuildFile; fileRef = 858ABE9A240979B400CDD109 /* ProductListFactory.swift */; };
		858ABE9D2409839600CDD109 /* ProductListViewDelegate.swift in Sources */ = {isa = PBXBuildFile; fileRef = 858ABE9C2409839600CDD109 /* ProductListViewDelegate.swift */; };
		858ABEA024098B8800CDD109 /* ProductListRequest.swift in Sources */ = {isa = PBXBuildFile; fileRef = 858ABE9F24098B8800CDD109 /* ProductListRequest.swift */; };
		858ABEA224098BB500CDD109 /* ProductListResponse.swift in Sources */ = {isa = PBXBuildFile; fileRef = 858ABEA124098BB500CDD109 /* ProductListResponse.swift */; };
		858ABEAA240A636300CDD109 /* ProductEntity.swift in Sources */ = {isa = PBXBuildFile; fileRef = 858ABEA9240A636300CDD109 /* ProductEntity.swift */; };
		858ABEAD240A804B00CDD109 /* Products.swift in Sources */ = {isa = PBXBuildFile; fileRef = 858ABEAC240A804B00CDD109 /* Products.swift */; };
		858ABEAF240A805300CDD109 /* Product.swift in Sources */ = {isa = PBXBuildFile; fileRef = 858ABEAE240A805300CDD109 /* Product.swift */; };
/* End PBXBuildFile section */

/* Begin PBXContainerItemProxy section */
		8510641824096D1A00CD6B51 /* PBXContainerItemProxy */ = {
			isa = PBXContainerItemProxy;
			containerPortal = 851063F924096D1700CD6B51 /* Project object */;
			proxyType = 1;
			remoteGlobalIDString = 8510640024096D1700CD6B51;
			remoteInfo = TechnicalTest;
		};
/* End PBXContainerItemProxy section */

/* Begin PBXFileReference section */
		8510640124096D1700CD6B51 /* TechnicalTest.app */ = {isa = PBXFileReference; explicitFileType = wrapper.application; includeInIndex = 0; path = TechnicalTest.app; sourceTree = BUILT_PRODUCTS_DIR; };
		8510640424096D1700CD6B51 /* AppDelegate.swift */ = {isa = PBXFileReference; lastKnownFileType = sourcecode.swift; path = AppDelegate.swift; sourceTree = "<group>"; };
		8510640624096D1700CD6B51 /* SceneDelegate.swift */ = {isa = PBXFileReference; lastKnownFileType = sourcecode.swift; path = SceneDelegate.swift; sourceTree = "<group>"; };
		8510640D24096D1A00CD6B51 /* Assets.xcassets */ = {isa = PBXFileReference; lastKnownFileType = folder.assetcatalog; path = Assets.xcassets; sourceTree = "<group>"; };
		8510641024096D1A00CD6B51 /* Base */ = {isa = PBXFileReference; lastKnownFileType = file.storyboard; name = Base; path = Base.lproj/LaunchScreen.storyboard; sourceTree = "<group>"; };
		8510641224096D1A00CD6B51 /* Info.plist */ = {isa = PBXFileReference; lastKnownFileType = text.plist.xml; path = Info.plist; sourceTree = "<group>"; };
		8510641724096D1A00CD6B51 /* TechnicalTestTests.xctest */ = {isa = PBXFileReference; explicitFileType = wrapper.cfbundle; includeInIndex = 0; path = TechnicalTestTests.xctest; sourceTree = BUILT_PRODUCTS_DIR; };
		8510641B24096D1A00CD6B51 /* TechnicalTestTests.swift */ = {isa = PBXFileReference; lastKnownFileType = sourcecode.swift; path = TechnicalTestTests.swift; sourceTree = "<group>"; };
		8510641D24096D1A00CD6B51 /* Info.plist */ = {isa = PBXFileReference; lastKnownFileType = text.plist.xml; path = Info.plist; sourceTree = "<group>"; };
		858A0EC8240AC8B0005922D8 /* ProductListViewController.swift */ = {isa = PBXFileReference; lastKnownFileType = sourcecode.swift; path = ProductListViewController.swift; sourceTree = "<group>"; };
		858A0EC9240AC8B0005922D8 /* ProductListViewController.xib */ = {isa = PBXFileReference; lastKnownFileType = file.xib; path = ProductListViewController.xib; sourceTree = "<group>"; };
		858A0ECC240AD40D005922D8 /* ProductListAdapter.swift */ = {isa = PBXFileReference; lastKnownFileType = sourcecode.swift; path = ProductListAdapter.swift; sourceTree = "<group>"; };
		858A0ED0240B523E005922D8 /* ProductListViewModel.swift */ = {isa = PBXFileReference; lastKnownFileType = sourcecode.swift; path = ProductListViewModel.swift; sourceTree = "<group>"; };
		858ABE832409768F00CDD109 /* ProductListDataProvider.swift */ = {isa = PBXFileReference; lastKnownFileType = sourcecode.swift; path = ProductListDataProvider.swift; sourceTree = "<group>"; };
		858ABE852409769800CDD109 /* ProductListDataProviderImpl.swift */ = {isa = PBXFileReference; lastKnownFileType = sourcecode.swift; path = ProductListDataProviderImpl.swift; sourceTree = "<group>"; };
		858ABE87240976D400CDD109 /* ProductListRouter.swift */ = {isa = PBXFileReference; lastKnownFileType = sourcecode.swift; path = ProductListRouter.swift; sourceTree = "<group>"; };
		858ABE89240976DD00CDD109 /* ProductListRouterImpl.swift */ = {isa = PBXFileReference; lastKnownFileType = sourcecode.swift; path = ProductListRouterImpl.swift; sourceTree = "<group>"; };
		858ABE8B2409770300CDD109 /* ProductListInteractor.swift */ = {isa = PBXFileReference; lastKnownFileType = sourcecode.swift; path = ProductListInteractor.swift; sourceTree = "<group>"; };
		858ABE8D2409771600CDD109 /* ProductListInteractorImpl.swift */ = {isa = PBXFileReference; lastKnownFileType = sourcecode.swift; path = ProductListInteractorImpl.swift; sourceTree = "<group>"; };
		858ABE8F2409773B00CDD109 /* ProductListPresenter.swift */ = {isa = PBXFileReference; lastKnownFileType = sourcecode.swift; path = ProductListPresenter.swift; sourceTree = "<group>"; };
		858ABE912409774D00CDD109 /* ProductListPresenterImpl.swift */ = {isa = PBXFileReference; lastKnownFileType = sourcecode.swift; path = ProductListPresenterImpl.swift; sourceTree = "<group>"; };
		858ABE982409792900CDD109 /* Factory.swift */ = {isa = PBXFileReference; lastKnownFileType = sourcecode.swift; path = Factory.swift; sourceTree = "<group>"; };
		858ABE9A240979B400CDD109 /* ProductListFactory.swift */ = {isa = PBXFileReference; lastKnownFileType = sourcecode.swift; path = ProductListFactory.swift; sourceTree = "<group>"; };
		858ABE9C2409839600CDD109 /* ProductListViewDelegate.swift */ = {isa = PBXFileReference; lastKnownFileType = sourcecode.swift; path = ProductListViewDelegate.swift; sourceTree = "<group>"; };
		858ABE9F24098B8800CDD109 /* ProductListRequest.swift */ = {isa = PBXFileReference; lastKnownFileType = sourcecode.swift; path = ProductListRequest.swift; sourceTree = "<group>"; };
		858ABEA124098BB500CDD109 /* ProductListResponse.swift */ = {isa = PBXFileReference; lastKnownFileType = sourcecode.swift; path = ProductListResponse.swift; sourceTree = "<group>"; };
		858ABEA9240A636300CDD109 /* ProductEntity.swift */ = {isa = PBXFileReference; lastKnownFileType = sourcecode.swift; path = ProductEntity.swift; sourceTree = "<group>"; };
		858ABEAC240A804B00CDD109 /* Products.swift */ = {isa = PBXFileReference; lastKnownFileType = sourcecode.swift; path = Products.swift; sourceTree = "<group>"; };
		858ABEAE240A805300CDD109 /* Product.swift */ = {isa = PBXFileReference; lastKnownFileType = sourcecode.swift; path = Product.swift; sourceTree = "<group>"; };
/* End PBXFileReference section */

/* Begin PBXFrameworksBuildPhase section */
		851063FE24096D1700CD6B51 /* Frameworks */ = {
			isa = PBXFrameworksBuildPhase;
			buildActionMask = 2147483647;
			files = (
			);
			runOnlyForDeploymentPostprocessing = 0;
		};
		8510641424096D1A00CD6B51 /* Frameworks */ = {
			isa = PBXFrameworksBuildPhase;
			buildActionMask = 2147483647;
			files = (
			);
			runOnlyForDeploymentPostprocessing = 0;
		};
/* End PBXFrameworksBuildPhase section */

/* Begin PBXGroup section */
		851063F824096D1700CD6B51 = {
			isa = PBXGroup;
			children = (
				8510640324096D1700CD6B51 /* TechnicalTest */,
				8510641A24096D1A00CD6B51 /* TechnicalTestTests */,
				8510640224096D1700CD6B51 /* Products */,
			);
			sourceTree = "<group>";
		};
		8510640224096D1700CD6B51 /* Products */ = {
			isa = PBXGroup;
			children = (
				8510640124096D1700CD6B51 /* TechnicalTest.app */,
				8510641724096D1A00CD6B51 /* TechnicalTestTests.xctest */,
			);
			name = Products;
			sourceTree = "<group>";
		};
		8510640324096D1700CD6B51 /* TechnicalTest */ = {
			isa = PBXGroup;
			children = (
				858ABE7A2409757300CDD109 /* Core */,
				858ABE97240978DC00CDD109 /* Shared Protocols */,
				8510640424096D1700CD6B51 /* AppDelegate.swift */,
				8510640624096D1700CD6B51 /* SceneDelegate.swift */,
				8510640D24096D1A00CD6B51 /* Assets.xcassets */,
				8510640F24096D1A00CD6B51 /* LaunchScreen.storyboard */,
				8510641224096D1A00CD6B51 /* Info.plist */,
			);
			path = TechnicalTest;
			sourceTree = "<group>";
		};
		8510641A24096D1A00CD6B51 /* TechnicalTestTests */ = {
			isa = PBXGroup;
			children = (
				8510641B24096D1A00CD6B51 /* TechnicalTestTests.swift */,
				8510641D24096D1A00CD6B51 /* Info.plist */,
			);
			path = TechnicalTestTests;
			sourceTree = "<group>";
		};
		858A0ECF240B5228005922D8 /* Model */ = {
			isa = PBXGroup;
			children = (
				858A0ED0240B523E005922D8 /* ProductListViewModel.swift */,
			);
			path = Model;
			sourceTree = "<group>";
		};
		858ABE7A2409757300CDD109 /* Core */ = {
			isa = PBXGroup;
			children = (
				858ABE7B2409758200CDD109 /* ProductList */,
			);
			path = Core;
			sourceTree = "<group>";
		};
		858ABE7B2409758200CDD109 /* ProductList */ = {
			isa = PBXGroup;
			children = (
				858ABE822409764200CDD109 /* DataProvider */,
				858ABE812409763000CDD109 /* Factory */,
				858ABEAB240A800500CDD109 /* Domain */,
				858ABE80240975CB00CDD109 /* Entities */,
				858A0ECF240B5228005922D8 /* Model */,
				858ABE7F240975C100CDD109 /* View */,
				858ABE7E240975BA00CDD109 /* Router */,
				858ABE7D240975B300CDD109 /* Interactor */,
				858ABE7C240975AE00CDD109 /* Presenter */,
			);
			path = ProductList;
			sourceTree = "<group>";
		};
		858ABE7C240975AE00CDD109 /* Presenter */ = {
			isa = PBXGroup;
			children = (
				858ABE8F2409773B00CDD109 /* ProductListPresenter.swift */,
				858ABE912409774D00CDD109 /* ProductListPresenterImpl.swift */,
			);
			path = Presenter;
			sourceTree = "<group>";
		};
		858ABE7D240975B300CDD109 /* Interactor */ = {
			isa = PBXGroup;
			children = (
				858ABE8B2409770300CDD109 /* ProductListInteractor.swift */,
				858ABE8D2409771600CDD109 /* ProductListInteractorImpl.swift */,
			);
			path = Interactor;
			sourceTree = "<group>";
		};
		858ABE7E240975BA00CDD109 /* Router */ = {
			isa = PBXGroup;
			children = (
				858ABE87240976D400CDD109 /* ProductListRouter.swift */,
				858ABE89240976DD00CDD109 /* ProductListRouterImpl.swift */,
			);
			path = Router;
			sourceTree = "<group>";
		};
		858ABE7F240975C100CDD109 /* View */ = {
			isa = PBXGroup;
			children = (
				858ABE9C2409839600CDD109 /* ProductListViewDelegate.swift */,
				858A0EC8240AC8B0005922D8 /* ProductListViewController.swift */,
				858A0EC9240AC8B0005922D8 /* ProductListViewController.xib */,
			);
			path = View;
			sourceTree = "<group>";
		};
		858ABE80240975CB00CDD109 /* Entities */ = {
			isa = PBXGroup;
			children = (
				858ABE9F24098B8800CDD109 /* ProductListRequest.swift */,
				858ABEA124098BB500CDD109 /* ProductListResponse.swift */,
				858ABEA9240A636300CDD109 /* ProductEntity.swift */,
			);
			path = Entities;
			sourceTree = "<group>";
		};
		858ABE812409763000CDD109 /* Factory */ = {
			isa = PBXGroup;
			children = (
				858ABE9A240979B400CDD109 /* ProductListFactory.swift */,
			);
			path = Factory;
			sourceTree = "<group>";
		};
		858ABE822409764200CDD109 /* DataProvider */ = {
			isa = PBXGroup;
			children = (
				858ABEB0240A85C000CDD109 /* Mapper */,
				858ABE832409768F00CDD109 /* ProductListDataProvider.swift */,
				858ABE852409769800CDD109 /* ProductListDataProviderImpl.swift */,
			);
			path = DataProvider;
			sourceTree = "<group>";
		};
		858ABE97240978DC00CDD109 /* Shared Protocols */ = {
			isa = PBXGroup;
			children = (
				858ABE982409792900CDD109 /* Factory.swift */,
			);
			path = "Shared Protocols";
			sourceTree = "<group>";
		};
		858ABEAB240A800500CDD109 /* Domain */ = {
			isa = PBXGroup;
			children = (
				858ABEAC240A804B00CDD109 /* Products.swift */,
				858ABEAE240A805300CDD109 /* Product.swift */,
			);
			path = Domain;
			sourceTree = "<group>";
		};
		858ABEB0240A85C000CDD109 /* Mapper */ = {
			isa = PBXGroup;
			children = (
				858A0ECC240AD40D005922D8 /* ProductListAdapter.swift */,
			);
			path = Mapper;
			sourceTree = "<group>";
		};
/* End PBXGroup section */

/* Begin PBXNativeTarget section */
		8510640024096D1700CD6B51 /* TechnicalTest */ = {
			isa = PBXNativeTarget;
			buildConfigurationList = 8510642024096D1A00CD6B51 /* Build configuration list for PBXNativeTarget "TechnicalTest" */;
			buildPhases = (
				851063FD24096D1700CD6B51 /* Sources */,
				851063FE24096D1700CD6B51 /* Frameworks */,
				851063FF24096D1700CD6B51 /* Resources */,
			);
			buildRules = (
			);
			dependencies = (
			);
			name = TechnicalTest;
			productName = TechnicalTest;
			productReference = 8510640124096D1700CD6B51 /* TechnicalTest.app */;
			productType = "com.apple.product-type.application";
		};
		8510641624096D1A00CD6B51 /* TechnicalTestTests */ = {
			isa = PBXNativeTarget;
			buildConfigurationList = 8510642324096D1A00CD6B51 /* Build configuration list for PBXNativeTarget "TechnicalTestTests" */;
			buildPhases = (
				8510641324096D1A00CD6B51 /* Sources */,
				8510641424096D1A00CD6B51 /* Frameworks */,
				8510641524096D1A00CD6B51 /* Resources */,
			);
			buildRules = (
			);
			dependencies = (
				8510641924096D1A00CD6B51 /* PBXTargetDependency */,
			);
			name = TechnicalTestTests;
			productName = TechnicalTestTests;
			productReference = 8510641724096D1A00CD6B51 /* TechnicalTestTests.xctest */;
			productType = "com.apple.product-type.bundle.unit-test";
		};
/* End PBXNativeTarget section */

/* Begin PBXProject section */
		851063F924096D1700CD6B51 /* Project object */ = {
			isa = PBXProject;
			attributes = {
				LastSwiftUpdateCheck = 1130;
				LastUpgradeCheck = 1130;
				ORGANIZATIONNAME = "Alan Roldán Maillo";
				TargetAttributes = {
					8510640024096D1700CD6B51 = {
						CreatedOnToolsVersion = 11.3.1;
					};
					8510641624096D1A00CD6B51 = {
						CreatedOnToolsVersion = 11.3.1;
						TestTargetID = 8510640024096D1700CD6B51;
					};
				};
			};
			buildConfigurationList = 851063FC24096D1700CD6B51 /* Build configuration list for PBXProject "TechnicalTest" */;
			compatibilityVersion = "Xcode 9.3";
			developmentRegion = en;
			hasScannedForEncodings = 0;
			knownRegions = (
				en,
				Base,
			);
			mainGroup = 851063F824096D1700CD6B51;
			productRefGroup = 8510640224096D1700CD6B51 /* Products */;
			projectDirPath = "";
			projectRoot = "";
			targets = (
				8510640024096D1700CD6B51 /* TechnicalTest */,
				8510641624096D1A00CD6B51 /* TechnicalTestTests */,
			);
		};
/* End PBXProject section */

/* Begin PBXResourcesBuildPhase section */
		851063FF24096D1700CD6B51 /* Resources */ = {
			isa = PBXResourcesBuildPhase;
			buildActionMask = 2147483647;
			files = (
				8510641124096D1A00CD6B51 /* LaunchScreen.storyboard in Resources */,
				8510640E24096D1A00CD6B51 /* Assets.xcassets in Resources */,
				858A0ECB240AC8B0005922D8 /* ProductListViewController.xib in Resources */,
			);
			runOnlyForDeploymentPostprocessing = 0;
		};
		8510641524096D1A00CD6B51 /* Resources */ = {
			isa = PBXResourcesBuildPhase;
			buildActionMask = 2147483647;
			files = (
			);
			runOnlyForDeploymentPostprocessing = 0;
		};
/* End PBXResourcesBuildPhase section */

/* Begin PBXSourcesBuildPhase section */
		851063FD24096D1700CD6B51 /* Sources */ = {
			isa = PBXSourcesBuildPhase;
			buildActionMask = 2147483647;
			files = (
				858ABEA024098B8800CDD109 /* ProductListRequest.swift in Sources */,
				858ABEAA240A636300CDD109 /* ProductEntity.swift in Sources */,
				858ABE9B240979B400CDD109 /* ProductListFactory.swift in Sources */,
				858ABE8C2409770300CDD109 /* ProductListInteractor.swift in Sources */,
				8510640524096D1700CD6B51 /* AppDelegate.swift in Sources */,
				8510640724096D1700CD6B51 /* SceneDelegate.swift in Sources */,
				858ABE922409774D00CDD109 /* ProductListPresenterImpl.swift in Sources */,
				858ABE902409773B00CDD109 /* ProductListPresenter.swift in Sources */,
				858ABE862409769800CDD109 /* ProductListDataProviderImpl.swift in Sources */,
				858ABEA224098BB500CDD109 /* ProductListResponse.swift in Sources */,
				858ABE8A240976DD00CDD109 /* ProductListRouterImpl.swift in Sources */,
				858ABEAD240A804B00CDD109 /* Products.swift in Sources */,
				858ABEAF240A805300CDD109 /* Product.swift in Sources */,
				858ABE992409792900CDD109 /* Factory.swift in Sources */,
				858ABE8E2409771600CDD109 /* ProductListInteractorImpl.swift in Sources */,
				858A0ECA240AC8B0005922D8 /* ProductListViewController.swift in Sources */,
				858A0ECD240AD40D005922D8 /* ProductListAdapter.swift in Sources */,
				858A0ED1240B523E005922D8 /* ProductListViewModel.swift in Sources */,
				858ABE9D2409839600CDD109 /* ProductListViewDelegate.swift in Sources */,
				858ABE88240976D400CDD109 /* ProductListRouter.swift in Sources */,
				858ABE842409768F00CDD109 /* ProductListDataProvider.swift in Sources */,
			);
			runOnlyForDeploymentPostprocessing = 0;
		};
		8510641324096D1A00CD6B51 /* Sources */ = {
			isa = PBXSourcesBuildPhase;
			buildActionMask = 2147483647;
			files = (
				8510641C24096D1A00CD6B51 /* TechnicalTestTests.swift in Sources */,
			);
			runOnlyForDeploymentPostprocessing = 0;
		};
/* End PBXSourcesBuildPhase section */

/* Begin PBXTargetDependency section */
		8510641924096D1A00CD6B51 /* PBXTargetDependency */ = {
			isa = PBXTargetDependency;
			target = 8510640024096D1700CD6B51 /* TechnicalTest */;
			targetProxy = 8510641824096D1A00CD6B51 /* PBXContainerItemProxy */;
		};
/* End PBXTargetDependency section */

/* Begin PBXVariantGroup section */
		8510640F24096D1A00CD6B51 /* LaunchScreen.storyboard */ = {
			isa = PBXVariantGroup;
			children = (
				8510641024096D1A00CD6B51 /* Base */,
			);
			name = LaunchScreen.storyboard;
			sourceTree = "<group>";
		};
/* End PBXVariantGroup section */

/* Begin XCBuildConfiguration section */
		8510641E24096D1A00CD6B51 /* Debug */ = {
			isa = XCBuildConfiguration;
			buildSettings = {
				ALWAYS_SEARCH_USER_PATHS = NO;
				CLANG_ANALYZER_NONNULL = YES;
				CLANG_ANALYZER_NUMBER_OBJECT_CONVERSION = YES_AGGRESSIVE;
				CLANG_CXX_LANGUAGE_STANDARD = "gnu++14";
				CLANG_CXX_LIBRARY = "libc++";
				CLANG_ENABLE_MODULES = YES;
				CLANG_ENABLE_OBJC_ARC = YES;
				CLANG_ENABLE_OBJC_WEAK = YES;
				CLANG_WARN_BLOCK_CAPTURE_AUTORELEASING = YES;
				CLANG_WARN_BOOL_CONVERSION = YES;
				CLANG_WARN_COMMA = YES;
				CLANG_WARN_CONSTANT_CONVERSION = YES;
				CLANG_WARN_DEPRECATED_OBJC_IMPLEMENTATIONS = YES;
				CLANG_WARN_DIRECT_OBJC_ISA_USAGE = YES_ERROR;
				CLANG_WARN_DOCUMENTATION_COMMENTS = YES;
				CLANG_WARN_EMPTY_BODY = YES;
				CLANG_WARN_ENUM_CONVERSION = YES;
				CLANG_WARN_INFINITE_RECURSION = YES;
				CLANG_WARN_INT_CONVERSION = YES;
				CLANG_WARN_NON_LITERAL_NULL_CONVERSION = YES;
				CLANG_WARN_OBJC_IMPLICIT_RETAIN_SELF = YES;
				CLANG_WARN_OBJC_LITERAL_CONVERSION = YES;
				CLANG_WARN_OBJC_ROOT_CLASS = YES_ERROR;
				CLANG_WARN_RANGE_LOOP_ANALYSIS = YES;
				CLANG_WARN_STRICT_PROTOTYPES = YES;
				CLANG_WARN_SUSPICIOUS_MOVE = YES;
				CLANG_WARN_UNGUARDED_AVAILABILITY = YES_AGGRESSIVE;
				CLANG_WARN_UNREACHABLE_CODE = YES;
				CLANG_WARN__DUPLICATE_METHOD_MATCH = YES;
				COPY_PHASE_STRIP = NO;
				DEBUG_INFORMATION_FORMAT = dwarf;
				ENABLE_STRICT_OBJC_MSGSEND = YES;
				ENABLE_TESTABILITY = YES;
				GCC_C_LANGUAGE_STANDARD = gnu11;
				GCC_DYNAMIC_NO_PIC = NO;
				GCC_NO_COMMON_BLOCKS = YES;
				GCC_OPTIMIZATION_LEVEL = 0;
				GCC_PREPROCESSOR_DEFINITIONS = (
					"DEBUG=1",
					"$(inherited)",
				);
				GCC_WARN_64_TO_32_BIT_CONVERSION = YES;
				GCC_WARN_ABOUT_RETURN_TYPE = YES_ERROR;
				GCC_WARN_UNDECLARED_SELECTOR = YES;
				GCC_WARN_UNINITIALIZED_AUTOS = YES_AGGRESSIVE;
				GCC_WARN_UNUSED_FUNCTION = YES;
				GCC_WARN_UNUSED_VARIABLE = YES;
				IPHONEOS_DEPLOYMENT_TARGET = 13.0;
				MTL_ENABLE_DEBUG_INFO = INCLUDE_SOURCE;
				MTL_FAST_MATH = YES;
				ONLY_ACTIVE_ARCH = YES;
				SDKROOT = iphoneos;
				SWIFT_ACTIVE_COMPILATION_CONDITIONS = DEBUG;
				SWIFT_OPTIMIZATION_LEVEL = "-Onone";
			};
			name = Debug;
		};
		8510641F24096D1A00CD6B51 /* Release */ = {
			isa = XCBuildConfiguration;
			buildSettings = {
				ALWAYS_SEARCH_USER_PATHS = NO;
				CLANG_ANALYZER_NONNULL = YES;
				CLANG_ANALYZER_NUMBER_OBJECT_CONVERSION = YES_AGGRESSIVE;
				CLANG_CXX_LANGUAGE_STANDARD = "gnu++14";
				CLANG_CXX_LIBRARY = "libc++";
				CLANG_ENABLE_MODULES = YES;
				CLANG_ENABLE_OBJC_ARC = YES;
				CLANG_ENABLE_OBJC_WEAK = YES;
				CLANG_WARN_BLOCK_CAPTURE_AUTORELEASING = YES;
				CLANG_WARN_BOOL_CONVERSION = YES;
				CLANG_WARN_COMMA = YES;
				CLANG_WARN_CONSTANT_CONVERSION = YES;
				CLANG_WARN_DEPRECATED_OBJC_IMPLEMENTATIONS = YES;
				CLANG_WARN_DIRECT_OBJC_ISA_USAGE = YES_ERROR;
				CLANG_WARN_DOCUMENTATION_COMMENTS = YES;
				CLANG_WARN_EMPTY_BODY = YES;
				CLANG_WARN_ENUM_CONVERSION = YES;
				CLANG_WARN_INFINITE_RECURSION = YES;
				CLANG_WARN_INT_CONVERSION = YES;
				CLANG_WARN_NON_LITERAL_NULL_CONVERSION = YES;
				CLANG_WARN_OBJC_IMPLICIT_RETAIN_SELF = YES;
				CLANG_WARN_OBJC_LITERAL_CONVERSION = YES;
				CLANG_WARN_OBJC_ROOT_CLASS = YES_ERROR;
				CLANG_WARN_RANGE_LOOP_ANALYSIS = YES;
				CLANG_WARN_STRICT_PROTOTYPES = YES;
				CLANG_WARN_SUSPICIOUS_MOVE = YES;
				CLANG_WARN_UNGUARDED_AVAILABILITY = YES_AGGRESSIVE;
				CLANG_WARN_UNREACHABLE_CODE = YES;
				CLANG_WARN__DUPLICATE_METHOD_MATCH = YES;
				COPY_PHASE_STRIP = NO;
				DEBUG_INFORMATION_FORMAT = "dwarf-with-dsym";
				ENABLE_NS_ASSERTIONS = NO;
				ENABLE_STRICT_OBJC_MSGSEND = YES;
				GCC_C_LANGUAGE_STANDARD = gnu11;
				GCC_NO_COMMON_BLOCKS = YES;
				GCC_WARN_64_TO_32_BIT_CONVERSION = YES;
				GCC_WARN_ABOUT_RETURN_TYPE = YES_ERROR;
				GCC_WARN_UNDECLARED_SELECTOR = YES;
				GCC_WARN_UNINITIALIZED_AUTOS = YES_AGGRESSIVE;
				GCC_WARN_UNUSED_FUNCTION = YES;
				GCC_WARN_UNUSED_VARIABLE = YES;
				IPHONEOS_DEPLOYMENT_TARGET = 13.0;
				MTL_ENABLE_DEBUG_INFO = NO;
				MTL_FAST_MATH = YES;
				SDKROOT = iphoneos;
				SWIFT_COMPILATION_MODE = wholemodule;
				SWIFT_OPTIMIZATION_LEVEL = "-O";
				VALIDATE_PRODUCT = YES;
			};
			name = Release;
		};
		8510642124096D1A00CD6B51 /* Debug */ = {
			isa = XCBuildConfiguration;
			buildSettings = {
				ASSETCATALOG_COMPILER_APPICON_NAME = AppIcon;
				CODE_SIGN_STYLE = Automatic;
				DEVELOPMENT_TEAM = R95398254G;
				INFOPLIST_FILE = TechnicalTest/Info.plist;
				LD_RUNPATH_SEARCH_PATHS = (
					"$(inherited)",
					"@executable_path/Frameworks",
				);
				PRODUCT_BUNDLE_IDENTIFIER = com.alanroldan.TechnicalTest;
				PRODUCT_NAME = "$(TARGET_NAME)";
				SWIFT_VERSION = 5.0;
				TARGETED_DEVICE_FAMILY = "1,2";
			};
			name = Debug;
		};
		8510642224096D1A00CD6B51 /* Release */ = {
			isa = XCBuildConfiguration;
			buildSettings = {
				ASSETCATALOG_COMPILER_APPICON_NAME = AppIcon;
				CODE_SIGN_STYLE = Automatic;
				DEVELOPMENT_TEAM = R95398254G;
				INFOPLIST_FILE = TechnicalTest/Info.plist;
				LD_RUNPATH_SEARCH_PATHS = (
					"$(inherited)",
					"@executable_path/Frameworks",
				);
				PRODUCT_BUNDLE_IDENTIFIER = com.alanroldan.TechnicalTest;
				PRODUCT_NAME = "$(TARGET_NAME)";
				SWIFT_VERSION = 5.0;
				TARGETED_DEVICE_FAMILY = "1,2";
			};
			name = Release;
		};
		8510642424096D1A00CD6B51 /* Debug */ = {
			isa = XCBuildConfiguration;
			buildSettings = {
				ALWAYS_EMBED_SWIFT_STANDARD_LIBRARIES = YES;
				BUNDLE_LOADER = "$(TEST_HOST)";
				CODE_SIGN_STYLE = Automatic;
				DEVELOPMENT_TEAM = R95398254G;
				INFOPLIST_FILE = TechnicalTestTests/Info.plist;
				IPHONEOS_DEPLOYMENT_TARGET = 13.2;
				LD_RUNPATH_SEARCH_PATHS = (
					"$(inherited)",
					"@executable_path/Frameworks",
					"@loader_path/Frameworks",
				);
				PRODUCT_BUNDLE_IDENTIFIER = com.alanroldan.TechnicalTestTests;
				PRODUCT_NAME = "$(TARGET_NAME)";
				SWIFT_VERSION = 5.0;
				TARGETED_DEVICE_FAMILY = "1,2";
				TEST_HOST = "$(BUILT_PRODUCTS_DIR)/TechnicalTest.app/TechnicalTest";
			};
			name = Debug;
		};
		8510642524096D1A00CD6B51 /* Release */ = {
			isa = XCBuildConfiguration;
			buildSettings = {
				ALWAYS_EMBED_SWIFT_STANDARD_LIBRARIES = YES;
				BUNDLE_LOADER = "$(TEST_HOST)";
				CODE_SIGN_STYLE = Automatic;
				DEVELOPMENT_TEAM = R95398254G;
				INFOPLIST_FILE = TechnicalTestTests/Info.plist;
				IPHONEOS_DEPLOYMENT_TARGET = 13.2;
				LD_RUNPATH_SEARCH_PATHS = (
					"$(inherited)",
					"@executable_path/Frameworks",
					"@loader_path/Frameworks",
				);
				PRODUCT_BUNDLE_IDENTIFIER = com.alanroldan.TechnicalTestTests;
				PRODUCT_NAME = "$(TARGET_NAME)";
				SWIFT_VERSION = 5.0;
				TARGETED_DEVICE_FAMILY = "1,2";
				TEST_HOST = "$(BUILT_PRODUCTS_DIR)/TechnicalTest.app/TechnicalTest";
			};
			name = Release;
		};
/* End XCBuildConfiguration section */

/* Begin XCConfigurationList section */
		851063FC24096D1700CD6B51 /* Build configuration list for PBXProject "TechnicalTest" */ = {
			isa = XCConfigurationList;
			buildConfigurations = (
				8510641E24096D1A00CD6B51 /* Debug */,
				8510641F24096D1A00CD6B51 /* Release */,
			);
			defaultConfigurationIsVisible = 0;
			defaultConfigurationName = Release;
		};
		8510642024096D1A00CD6B51 /* Build configuration list for PBXNativeTarget "TechnicalTest" */ = {
			isa = XCConfigurationList;
			buildConfigurations = (
				8510642124096D1A00CD6B51 /* Debug */,
				8510642224096D1A00CD6B51 /* Release */,
			);
			defaultConfigurationIsVisible = 0;
			defaultConfigurationName = Release;
		};
		8510642324096D1A00CD6B51 /* Build configuration list for PBXNativeTarget "TechnicalTestTests" */ = {
			isa = XCConfigurationList;
			buildConfigurations = (
				8510642424096D1A00CD6B51 /* Debug */,
				8510642524096D1A00CD6B51 /* Release */,
			);
			defaultConfigurationIsVisible = 0;
			defaultConfigurationName = Release;
		};
/* End XCConfigurationList section */
	};
	rootObject = 851063F924096D1700CD6B51 /* Project object */;
}
